# Immutable inputs for the native DS4 runtime. This is data, not a shell script.
LOCK_SCHEMA=1
DS4_REPO_URL=https://github.com/antirez/ds4.git
DS4_BRANCH=ds4f-mxfp4
DS4_COMMIT=80df56af4070d0fc62f6f9682b1854f8e5be8b00
DS4_LICENSE=MIT
DS4_BUILD_TARGET=cuda
DS4_CUDA_ARCH=sm_86
DS4_MXFP4_CUDA_SUPPORTED=0
LLAMA_REPO_URL=https://github.com/ggml-org/llama.cpp.git
LLAMA_COMMIT=876a4321163249c43ca4e986818fab5ab081f282
LLAMA_LICENSE=MIT
MODEL_REPOSITORY=antirez/deepseek-v4-gguf
MODEL_REVISION=c198a70525f1856f1bf50448f163471692c881f8
MODEL_FILENAME=DeepSeek-V4-Flash-IQ2XXS-w2Q2K-AProjQ8-SExpQ8-OutQ8-chat-v2-imatrix.gguf
MODEL_SHA256=a02f4e9ed0f7cd4d51b79ccb21e72a9fd17b5104a14361c9a333798d4e6ea5c8
MODEL_SIZE_BYTES=86720111488
MODEL_LICENSE=MIT
MODEL_MINIMUM_RAM_GIB=112
MODEL_RECOMMENDED_RAM_GIB=128
